
Microsoft Visual Studio Solution File, Format Version 12.00
# Visual Studio Version 16
VisualStudioVersion = 16.0.30523.141
MinimumVisualStudioVersion = 10.0.40219.1
Project("{FAE04EC0-301F-11D3-BF4B-00C04F79EFBC}") = "Win1", "Win1\Win1.csproj", "{4C5854C6-76DE-43DC-BC40-6B41066AC767}"
EndProject
Project("{FAE04EC0-301F-11D3-BF4B-00C04F79EFBC}") = "Win2", "Win2\Win2.csproj", "{8DF70B8C-7894-4B28-98B3-867B06A6CB8C}"
EndProject
Project("{FAE04EC0-301F-11D3-BF4B-00C04F79EFBC}") = "AtikKutusuUygulama", "AtikKutusu\AtikKutusuUygulama.csproj", "{40232DEB-C701-43FB-AF8F-45369478FEA7}"
EndProject
Project("{FAE04EC0-301F-11D3-BF4B-00C04F79EFBC}") = "HorseRacingGame", "HorseRacingGame\HorseRacingGame.csproj", "{73DBF90F-1FF2-4B4C-91BC-EFD98C1B5EF4}"
EndProject
Project("{FAE04EC0-301F-11D3-BF4B-00C04F79EFBC}") = "MayinTarlasi", "MayinTarlasi\MayinTarlasi.csproj", "{C56C2CB4-D3D6-45AA-B5BC-B31EDC1E7DF6}"
EndProject
Project("{FAE04EC0-301F-11D3-BF4B-00C04F79EFBC}") = "OtobusUygulamasi", "OtobusUygulamasi\OtobusUygulamasi.csproj", "{7F22B511-2311-47C7-9FE3-93C7DB58F2B1}"
EndProject
Project("{FAE04EC0-301F-11D3-BF4B-00C04F79EFBC}") = "PizzaSiparisOtomasyonu", "PizzaSiparisOtomasyonu\PizzaSiparisOtomasyonu.csproj", "{9271D074-8B8A-4ACC-828C-88CC4962CA2C}"
EndProject
Global
	GlobalSection(SolutionConfigurationPlatforms) = preSolution
		Debug|Any CPU = Debug|Any CPU
		Release|Any CPU = Release|Any CPU
	EndGlobalSection
	GlobalSection(ProjectConfigurationPlatforms) = postSolution
		{4C5854C6-76DE-43DC-BC40-6B41066AC767}.Debug|Any CPU.ActiveCfg = Debug|Any CPU
		{4C5854C6-76DE-43DC-BC40-6B41066AC767}.Debug|Any CPU.Build.0 = Debug|Any CPU
		{4C5854C6-76DE-43DC-BC40-6B41066AC767}.Release|Any CPU.ActiveCfg = Release|Any CPU
		{4C5854C6-76DE-43DC-BC40-6B41066AC767}.Release|Any CPU.Build.0 = Release|Any CPU
		{8DF70B8C-7894-4B28-98B3-867B06A6CB8C}.Debug|Any CPU.ActiveCfg = Debug|Any CPU
		{8DF70B8C-7894-4B28-98B3-867B06A6CB8C}.Debug|Any CPU.Build.0 = Debug|Any CPU
		{8DF70B8C-7894-4B28-98B3-867B06A6CB8C}.Release|Any CPU.ActiveCfg = Release|Any CPU
		{8DF70B8C-7894-4B28-98B3-867B06A6CB8C}.Release|Any CPU.Build.0 = Release|Any CPU
		{40232DEB-C701-43FB-AF8F-45369478FEA7}.Debug|Any CPU.ActiveCfg = Debug|Any CPU
		{40232DEB-C701-43FB-AF8F-45369478FEA7}.Debug|Any CPU.Build.0 = Debug|Any CPU
		{40232DEB-C701-43FB-AF8F-45369478FEA7}.Release|Any CPU.ActiveCfg = Release|Any CPU
		{40232DEB-C701-43FB-AF8F-45369478FEA7}.Release|Any CPU.Build.0 = Release|Any CPU
		{73DBF90F-1FF2-4B4C-91BC-EFD98C1B5EF4}.Debug|Any CPU.ActiveCfg = Debug|Any CPU
		{73DBF90F-1FF2-4B4C-91BC-EFD98C1B5EF4}.Debug|Any CPU.Build.0 = Debug|Any CPU
		{73DBF90F-1FF2-4B4C-91BC-EFD98C1B5EF4}.Release|Any CPU.ActiveCfg = Release|Any CPU
		{73DBF90F-1FF2-4B4C-91BC-EFD98C1B5EF4}.Release|Any CPU.Build.0 = Release|Any CPU
		{C56C2CB4-D3D6-45AA-B5BC-B31EDC1E7DF6}.Debug|Any CPU.ActiveCfg = Debug|Any CPU
		{C56C2CB4-D3D6-45AA-B5BC-B31EDC1E7DF6}.Debug|Any CPU.Build.0 = Debug|Any CPU
		{C56C2CB4-D3D6-45AA-B5BC-B31EDC1E7DF6}.Release|Any CPU.ActiveCfg = Release|Any CPU
		{C56C2CB4-D3D6-45AA-B5BC-B31EDC1E7DF6}.Release|Any CPU.Build.0 = Release|Any CPU
		{7F22B511-2311-47C7-9FE3-93C7DB58F2B1}.Debug|Any CPU.ActiveCfg = Debug|Any CPU
		{7F22B511-2311-47C7-9FE3-93C7DB58F2B1}.Debug|Any CPU.Build.0 = Debug|Any CPU
		{7F22B511-2311-47C7-9FE3-93C7DB58F2B1}.Release|Any CPU.ActiveCfg = Release|Any CPU
		{7F22B511-2311-47C7-9FE3-93C7DB58F2B1}.Release|Any CPU.Build.0 = Release|Any CPU
		{9271D074-8B8A-4ACC-828C-88CC4962CA2C}.Debug|Any CPU.ActiveCfg = Debug|Any CPU
		{9271D074-8B8A-4ACC-828C-88CC4962CA2C}.Debug|Any CPU.Build.0 = Debug|Any CPU
		{9271D074-8B8A-4ACC-828C-88CC4962CA2C}.Release|Any CPU.ActiveCfg = Release|Any CPU
		{9271D074-8B8A-4ACC-828C-88CC4962CA2C}.Release|Any CPU.Build.0 = Release|Any CPU
	EndGlobalSection
	GlobalSection(SolutionProperties) = preSolution
		HideSolutionNode = FALSE
	EndGlobalSection
	GlobalSection(ExtensibilityGlobals) = postSolution
		SolutionGuid = {21094C1E-0451-44B0-9D9C-3F14B1F3AB30}
	EndGlobalSection
EndGlobal
